// !$*UTF8*$!
{
	archiveVersion = 1;
	classes = {
	};
	objectVersion = 46;
	objects = {

/* Begin PBXBuildFile section */
		9935F5131BF9EBBF001DB8B6 /* UIKitUtilsSwift.h in Headers */ = {isa = PBXBuildFile; fileRef = 9935F5121BF9EBBF001DB8B6 /* UIKitUtilsSwift.h */; settings = {ATTRIBUTES = (Public, ); }; };
		9935F51A1BF9EBBF001DB8B6 /* UIKitUtilsSwift.framework in Frameworks */ = {isa = PBXBuildFile; fileRef = 9935F50F1BF9EBBF001DB8B6 /* UIKitUtilsSwift.framework */; };
		9935F51F1BF9EBBF001DB8B6 /* UIKitUtilsSwiftTests.swift in Sources */ = {isa = PBXBuildFile; fileRef = 9935F51E1BF9EBBF001DB8B6 /* UIKitUtilsSwiftTests.swift */; };
		9935F52A1BF9EC89001DB8B6 /* UIKit+Drawing.swift in Sources */ = {isa = PBXBuildFile; fileRef = 9935F5291BF9EC89001DB8B6 /* UIKit+Drawing.swift */; };
/* End PBXBuildFile section */

/* Begin PBXContainerItemProxy section */
		9935F51B1BF9EBBF001DB8B6 /* PBXContainerItemProxy */ = {
			isa = PBXContainerItemProxy;
			containerPortal = 9935F5061BF9EBBF001DB8B6 /* Project object */;
			proxyType = 1;
			remoteGlobalIDString = 9935F50E1BF9EBBF001DB8B6;
			remoteInfo = UIKitUtilsSwift;
		};
/* End PBXContainerItemProxy section */

/* Begin PBXFileReference section */
		9935F50F1BF9EBBF001DB8B6 /* UIKitUtilsSwift.framework */ = {isa = PBXFileReference; explicitFileType = wrapper.framework; includeInIndex = 0; path = UIKitUtilsSwift.framework; sourceTree = BUILT_PRODUCTS_DIR; };
		9935F5121BF9EBBF001DB8B6 /* UIKitUtilsSwift.h */ = {isa = PBXFileReference; lastKnownFileType = sourcecode.c.h; path = UIKitUtilsSwift.h; sourceTree = "<group>"; };
		9935F5141BF9EBBF001DB8B6 /* Info.plist */ = {isa = PBXFileReference; lastKnownFileType = text.plist.xml; path = Info.plist; sourceTree = "<group>"; };
		9935F5191BF9EBBF001DB8B6 /* UIKitUtilsSwiftTests.xctest */ = {isa = PBXFileReference; explicitFileType = wrapper.cfbundle; includeInIndex = 0; path = UIKitUtilsSwiftTests.xctest; sourceTree = BUILT_PRODUCTS_DIR; };
		9935F51E1BF9EBBF001DB8B6 /* UIKitUtilsSwiftTests.swift */ = {isa = PBXFileReference; lastKnownFileType = sourcecode.swift; path = UIKitUtilsSwiftTests.swift; sourceTree = "<group>"; };
		9935F5201BF9EBBF001DB8B6 /* Info.plist */ = {isa = PBXFileReference; lastKnownFileType = text.plist.xml; path = Info.plist; sourceTree = "<group>"; };
		9935F5291BF9EC89001DB8B6 /* UIKit+Drawing.swift */ = {isa = PBXFileReference; fileEncoding = 4; lastKnownFileType = sourcecode.swift; name = "UIKit+Drawing.swift"; path = "Drawing/UIKit+Drawing.swift"; sourceTree = "<group>"; };
/* End PBXFileReference section */

/* Begin PBXFrameworksBuildPhase section */
		9935F50B1BF9EBBF001DB8B6 /* Frameworks */ = {
			isa = PBXFrameworksBuildPhase;
			buildActionMask = 2147483647;
			files = (
			);
			runOnlyForDeploymentPostprocessing = 0;
		};
		9935F5161BF9EBBF001DB8B6 /* Frameworks */ = {
			isa = PBXFrameworksBuildPhase;
			buildActionMask = 2147483647;
			files = (
				9935F51A1BF9EBBF001DB8B6 /* UIKitUtilsSwift.framework in Frameworks */,
			);
			runOnlyForDeploymentPostprocessing = 0;
		};
/* End PBXFrameworksBuildPhase section */

/* Begin PBXGroup section */
		9935F5051BF9EBBF001DB8B6 = {
			isa = PBXGroup;
			children = (
				9935F5111BF9EBBF001DB8B6 /* UIKitUtilsSwift */,
				9935F51D1BF9EBBF001DB8B6 /* UIKitUtilsSwiftTests */,
				9935F5101BF9EBBF001DB8B6 /* Products */,
			);
			sourceTree = "<group>";
		};
		9935F5101BF9EBBF001DB8B6 /* Products */ = {
			isa = PBXGroup;
			children = (
				9935F50F1BF9EBBF001DB8B6 /* UIKitUtilsSwift.framework */,
				9935F5191BF9EBBF001DB8B6 /* UIKitUtilsSwiftTests.xctest */,
			);
			name = Products;
			sourceTree = "<group>";
		};
		9935F5111BF9EBBF001DB8B6 /* UIKitUtilsSwift */ = {
			isa = PBXGroup;
			children = (
				9935F5121BF9EBBF001DB8B6 /* UIKitUtilsSwift.h */,
				9935F5141BF9EBBF001DB8B6 /* Info.plist */,
				9935F5291BF9EC89001DB8B6 /* UIKit+Drawing.swift */,
			);
			path = UIKitUtilsSwift;
			sourceTree = "<group>";
		};
		9935F51D1BF9EBBF001DB8B6 /* UIKitUtilsSwiftTests */ = {
			isa = PBXGroup;
			children = (
				9935F51E1BF9EBBF001DB8B6 /* UIKitUtilsSwiftTests.swift */,
				9935F5201BF9EBBF001DB8B6 /* Info.plist */,
			);
			path = UIKitUtilsSwiftTests;
			sourceTree = "<group>";
		};
/* End PBXGroup section */

/* Begin PBXHeadersBuildPhase section */
		9935F50C1BF9EBBF001DB8B6 /* Headers */ = {
			isa = PBXHeadersBuildPhase;
			buildActionMask = 2147483647;
			files = (
				9935F5131BF9EBBF001DB8B6 /* UIKitUtilsSwift.h in Headers */,
			);
			runOnlyForDeploymentPostprocessing = 0;
		};
/* End PBXHeadersBuildPhase section */

/* Begin PBXNativeTarget section */
		9935F50E1BF9EBBF001DB8B6 /* UIKitUtilsSwift */ = {
			isa = PBXNativeTarget;
			buildConfigurationList = 9935F5231BF9EBBF001DB8B6 /* Build configuration list for PBXNativeTarget "UIKitUtilsSwift" */;
			buildPhases = (
				9935F50A1BF9EBBF001DB8B6 /* Sources */,
				9935F50B1BF9EBBF001DB8B6 /* Frameworks */,
				9935F50C1BF9EBBF001DB8B6 /* Headers */,
				9935F50D1BF9EBBF001DB8B6 /* Resources */,
			);
			buildRules = (
			);
			dependencies = (
			);
			name = UIKitUtilsSwift;
			productName = UIKitUtilsSwift;
			productReference = 9935F50F1BF9EBBF001DB8B6 /* UIKitUtilsSwift.framework */;
			productType = "com.apple.product-type.framework";
		};
		9935F5181BF9EBBF001DB8B6 /* UIKitUtilsSwiftTests */ = {
			isa = PBXNativeTarget;
			buildConfigurationList = 9935F5261BF9EBBF001DB8B6 /* Build configuration list for PBXNativeTarget "UIKitUtilsSwiftTests" */;
			buildPhases = (
				9935F5151BF9EBBF001DB8B6 /* Sources */,
				9935F5161BF9EBBF001DB8B6 /* Frameworks */,
				9935F5171BF9EBBF001DB8B6 /* Resources */,
			);
			buildRules = (
			);
			dependencies = (
				9935F51C1BF9EBBF001DB8B6 /* PBXTargetDependency */,
			);
			name = UIKitUtilsSwiftTests;
			productName = UIKitUtilsSwiftTests;
			productReference = 9935F5191BF9EBBF001DB8B6 /* UIKitUtilsSwiftTests.xctest */;
			productType = "com.apple.product-type.bundle.unit-test";
		};
/* End PBXNativeTarget section */

/* Begin PBXProject section */
		9935F5061BF9EBBF001DB8B6 /* Project object */ = {
			isa = PBXProject;
			attributes = {
				LastSwiftUpdateCheck = 0710;
				LastUpgradeCheck = 0710;
				ORGANIZATIONNAME = 3Bus;
				TargetAttributes = {
					9935F50E1BF9EBBF001DB8B6 = {
						CreatedOnToolsVersion = 7.1.1;
					};
					9935F5181BF9EBBF001DB8B6 = {
						CreatedOnToolsVersion = 7.1.1;
					};
				};
			};
			buildConfigurationList = 9935F5091BF9EBBF001DB8B6 /* Build configuration list for PBXProject "UIKitUtilsSwift" */;
			compatibilityVersion = "Xcode 3.2";
			developmentRegion = English;
			hasScannedForEncodings = 0;
			knownRegions = (
				en,
			);
			mainGroup = 9935F5051BF9EBBF001DB8B6;
			productRefGroup = 9935F5101BF9EBBF001DB8B6 /* Products */;
			projectDirPath = "";
			projectRoot = "";
			targets = (
				9935F50E1BF9EBBF001DB8B6 /* UIKitUtilsSwift */,
				9935F5181BF9EBBF001DB8B6 /* UIKitUtilsSwiftTests */,
			);
		};
/* End PBXProject section */

/* Begin PBXResourcesBuildPhase section */
		9935F50D1BF9EBBF001DB8B6 /* Resources */ = {
			isa = PBXResourcesBuildPhase;
			buildActionMask = 2147483647;
			files = (
			);
			runOnlyForDeploymentPostprocessing = 0;
		};
		9935F5171BF9EBBF001DB8B6 /* Resources */ = {
			isa = PBXResourcesBuildPhase;
			buildActionMask = 2147483647;
			files = (
			);
			runOnlyForDeploymentPostprocessing = 0;
		};
/* End PBXResourcesBuildPhase section */

/* Begin PBXSourcesBuildPhase section */
		9935F50A1BF9EBBF001DB8B6 /* Sources */ = {
			isa = PBXSourcesBuildPhase;
			buildActionMask = 2147483647;
			files = (
				9935F52A1BF9EC89001DB8B6 /* UIKit+Drawing.swift in Sources */,
			);
			runOnlyForDeploymentPostprocessing = 0;
		};
		9935F5151BF9EBBF001DB8B6 /* Sources */ = {
			isa = PBXSourcesBuildPhase;
			buildActionMask = 2147483647;
			files = (
				9935F51F1BF9EBBF001DB8B6 /* UIKitUtilsSwiftTests.swift in Sources */,
			);
			runOnlyForDeploymentPostprocessing = 0;
		};
/* End PBXSourcesBuildPhase section */

/* Begin PBXTargetDependency section */
		9935F51C1BF9EBBF001DB8B6 /* PBXTargetDependency */ = {
			isa = PBXTargetDependency;
			target = 9935F50E1BF9EBBF001DB8B6 /* UIKitUtilsSwift */;
			targetProxy = 9935F51B1BF9EBBF001DB8B6 /* PBXContainerItemProxy */;
		};
/* End PBXTargetDependency section */

/* Begin XCBuildConfiguration section */
		9935F5211BF9EBBF001DB8B6 /* Debug */ = {
			isa = XCBuildConfiguration;
			buildSettings = {
				ALWAYS_SEARCH_USER_PATHS = NO;
				CLANG_CXX_LANGUAGE_STANDARD = "gnu++0x";
				CLANG_CXX_LIBRARY = "libc++";
				CLANG_ENABLE_MODULES = YES;
				CLANG_ENABLE_OBJC_ARC = YES;
				CLANG_WARN_BOOL_CONVERSION = YES;
				CLANG_WARN_CONSTANT_CONVERSION = YES;
				CLANG_WARN_DIRECT_OBJC_ISA_USAGE = YES_ERROR;
				CLANG_WARN_EMPTY_BODY = YES;
				CLANG_WARN_ENUM_CONVERSION = YES;
				CLANG_WARN_INT_CONVERSION = YES;
				CLANG_WARN_OBJC_ROOT_CLASS = YES_ERROR;
				CLANG_WARN_UNREACHABLE_CODE = YES;
				CLANG_WARN__DUPLICATE_METHOD_MATCH = YES;
				"CODE_SIGN_IDENTITY[sdk=iphoneos*]" = "iPhone Developer";
				COPY_PHASE_STRIP = NO;
				CURRENT_PROJECT_VERSION = 1;
				DEBUG_INFORMATION_FORMAT = dwarf;
				ENABLE_STRICT_OBJC_MSGSEND = YES;
				ENABLE_TESTABILITY = YES;
				GCC_C_LANGUAGE_STANDARD = gnu99;
				GCC_DYNAMIC_NO_PIC = NO;
				GCC_NO_COMMON_BLOCKS = YES;
				GCC_OPTIMIZATION_LEVEL = 0;
				GCC_PREPROCESSOR_DEFINITIONS = (
					"DEBUG=1",
					"$(inherited)",
				);
				GCC_WARN_64_TO_32_BIT_CONVERSION = YES;
				GCC_WARN_ABOUT_RETURN_TYPE = YES_ERROR;
				GCC_WARN_UNDECLARED_SELECTOR = YES;
				GCC_WARN_UNINITIALIZED_AUTOS = YES_AGGRESSIVE;
				GCC_WARN_UNUSED_FUNCTION = YES;
				GCC_WARN_UNUSED_VARIABLE = YES;
				IPHONEOS_DEPLOYMENT_TARGET = 9.1;
				MTL_ENABLE_DEBUG_INFO = YES;
				ONLY_ACTIVE_ARCH = YES;
				SDKROOT = iphoneos;
				SWIFT_OPTIMIZATION_LEVEL = "-Onone";
				TARGETED_DEVICE_FAMILY = "1,2";
				VERSIONING_SYSTEM = "apple-generic";
				VERSION_INFO_PREFIX = "";
			};
			name = Debug;
		};
		9935F5221BF9EBBF001DB8B6 /* Release */ = {
			isa = XCBuildConfiguration;
			buildSettings = {
				ALWAYS_SEARCH_USER_PATHS = NO;
				CLANG_CXX_LANGUAGE_STANDARD = "gnu++0x";
				CLANG_CXX_LIBRARY = "libc++";
				CLANG_ENABLE_MODULES = YES;
				CLANG_ENABLE_OBJC_ARC = YES;
				CLANG_WARN_BOOL_CONVERSION = YES;
				CLANG_WARN_CONSTANT_CONVERSION = YES;
				CLANG_WARN_DIRECT_OBJC_ISA_USAGE = YES_ERROR;
				CLANG_WARN_EMPTY_BODY = YES;
				CLANG_WARN_ENUM_CONVERSION = YES;
				CLANG_WARN_INT_CONVERSION = YES;
				CLANG_WARN_OBJC_ROOT_CLASS = YES_ERROR;
				CLANG_WARN_UNREACHABLE_CODE = YES;
				CLANG_WARN__DUPLICATE_METHOD_MATCH = YES;
				"CODE_SIGN_IDENTITY[sdk=iphoneos*]" = "iPhone Developer";
				COPY_PHASE_STRIP = NO;
				CURRENT_PROJECT_VERSION = 1;
				DEBUG_INFORMATION_FORMAT = "dwarf-with-dsym";
				ENABLE_NS_ASSERTIONS = NO;
				ENABLE_STRICT_OBJC_MSGSEND = YES;
				GCC_C_LANGUAGE_STANDARD = gnu99;
				GCC_NO_COMMON_BLOCKS = YES;
				GCC_WARN_64_TO_32_BIT_CONVERSION = YES;
				GCC_WARN_ABOUT_RETURN_TYPE = YES_ERROR;
				GCC_WARN_UNDECLARED_SELECTOR = YES;
				GCC_WARN_UNINITIALIZED_AUTOS = YES_AGGRESSIVE;
				GCC_WARN_UNUSED_FUNCTION = YES;
				GCC_WARN_UNUSED_VARIABLE = YES;
				IPHONEOS_DEPLOYMENT_TARGET = 9.1;
				MTL_ENABLE_DEBUG_INFO = NO;
				SDKROOT = iphoneos;
				TARGETED_DEVICE_FAMILY = "1,2";
				VALIDATE_PRODUCT = YES;
				VERSIONING_SYSTEM = "apple-generic";
				VERSION_INFO_PREFIX = "";
			};
			name = Release;
		};
		9935F5241BF9EBBF001DB8B6 /* Debug */ = {
			isa = XCBuildConfiguration;
			buildSettings = {
				CLANG_ENABLE_MODULES = YES;
				DEFINES_MODULE = YES;
				DYLIB_COMPATIBILITY_VERSION = 1;
				DYLIB_CURRENT_VERSION = 1;
				DYLIB_INSTALL_NAME_BASE = "@rpath";
				INFOPLIST_FILE = UIKitUtilsSwift/Info.plist;
				INSTALL_PATH = "$(LOCAL_LIBRARY_DIR)/Frameworks";
				LD_RUNPATH_SEARCH_PATHS = "$(inherited) @executable_path/Frameworks @loader_path/Frameworks";
				PRODUCT_BUNDLE_IDENTIFIER = it.3Bus.UIKitUtilsSwift;
				PRODUCT_NAME = "$(TARGET_NAME)";
				SKIP_INSTALL = YES;
				SWIFT_OPTIMIZATION_LEVEL = "-Onone";
			};
			name = Debug;
		};
		9935F5251BF9EBBF001DB8B6 /* Release */ = {
			isa = XCBuildConfiguration;
			buildSettings = {
				CLANG_ENABLE_MODULES = YES;
				DEFINES_MODULE = YES;
				DYLIB_COMPATIBILITY_VERSION = 1;
				DYLIB_CURRENT_VERSION = 1;
				DYLIB_INSTALL_NAME_BASE = "@rpath";
				INFOPLIST_FILE = UIKitUtilsSwift/Info.plist;
				INSTALL_PATH = "$(LOCAL_LIBRARY_DIR)/Frameworks";
				LD_RUNPATH_SEARCH_PATHS = "$(inherited) @executable_path/Frameworks @loader_path/Frameworks";
				PRODUCT_BUNDLE_IDENTIFIER = it.3Bus.UIKitUtilsSwift;
				PRODUCT_NAME = "$(TARGET_NAME)";
				SKIP_INSTALL = YES;
			};
			name = Release;
		};
		9935F5271BF9EBBF001DB8B6 /* Debug */ = {
			isa = XCBuildConfiguration;
			buildSettings = {
				INFOPLIST_FILE = UIKitUtilsSwiftTests/Info.plist;
				LD_RUNPATH_SEARCH_PATHS = "$(inherited) @executable_path/Frameworks @loader_path/Frameworks";
				PRODUCT_BUNDLE_IDENTIFIER = it.3Bus.UIKitUtilsSwiftTests;
				PRODUCT_NAME = "$(TARGET_NAME)";
			};
			name = Debug;
		};
		9935F5281BF9EBBF001DB8B6 /* Release */ = {
			isa = XCBuildConfiguration;
			buildSettings = {
				INFOPLIST_FILE = UIKitUtilsSwiftTests/Info.plist;
				LD_RUNPATH_SEARCH_PATHS = "$(inherited) @executable_path/Frameworks @loader_path/Frameworks";
				PRODUCT_BUNDLE_IDENTIFIER = it.3Bus.UIKitUtilsSwiftTests;
				PRODUCT_NAME = "$(TARGET_NAME)";
			};
			name = Release;
		};
/* End XCBuildConfiguration section */

/* Begin XCConfigurationList section */
		9935F5091BF9EBBF001DB8B6 /* Build configuration list for PBXProject "UIKitUtilsSwift" */ = {
			isa = XCConfigurationList;
			buildConfigurations = (
				9935F5211BF9EBBF001DB8B6 /* Debug */,
				9935F5221BF9EBBF001DB8B6 /* Release */,
			);
			defaultConfigurationIsVisible = 0;
			defaultConfigurationName = Release;
		};
		9935F5231BF9EBBF001DB8B6 /* Build configuration list for PBXNativeTarget "UIKitUtilsSwift" */ = {
			isa = XCConfigurationList;
			buildConfigurations = (
				9935F5241BF9EBBF001DB8B6 /* Debug */,
				9935F5251BF9EBBF001DB8B6 /* Release */,
			);
			defaultConfigurationIsVisible = 0;
		};
		9935F5261BF9EBBF001DB8B6 /* Build configuration list for PBXNativeTarget "UIKitUtilsSwiftTests" */ = {
			isa = XCConfigurationList;
			buildConfigurations = (
				9935F5271BF9EBBF001DB8B6 /* Debug */,
				9935F5281BF9EBBF001DB8B6 /* Release */,
			);
			defaultConfigurationIsVisible = 0;
		};
/* End XCConfigurationList section */
	};
	rootObject = 9935F5061BF9EBBF001DB8B6 /* Project object */;
}
